# THIS IS AN AUTOGENERATED FILE. DO NOT EDIT THIS FILE DIRECTLY.
# yarn lockfile v1


"@babel/code-frame@^7.0.0":
  "version" "7.8.3"
  dependencies:
    "@babel/highlight" "^7.8.3"

"@babel/helper-validator-identifier@^7.9.0":
  "version" "7.9.5"

"@babel/highlight@^7.8.3":
  "version" "7.9.0"
  dependencies:
    "@babel/helper-validator-identifier" "^7.9.0"
    "chalk" "^2.0.0"
    "js-tokens" "^4.0.0"

"@types/color-name@^1.1.1":
  "version" "1.1.1"

"acorn-jsx@^5.2.0":
  "version" "5.2.0"

"acorn@^6.0.0 || ^7.0.0", "acorn@^7.1.1":
  "version" "7.1.1"

"ajv@^6.10.0", "ajv@^6.10.2":
  "version" "6.12.2"
  dependencies:
    "fast-deep-equal" "^3.1.1"
    "fast-json-stable-stringify" "^2.0.0"
    "json-schema-traverse" "^0.4.1"
    "uri-js" "^4.2.2"

"ansi-escapes@^4.2.1":
  "version" "4.3.1"
  dependencies:
    "type-fest" "^0.11.0"

"ansi-regex@^4.1.0":
  "version" "4.1.0"

"ansi-regex@^5.0.0":
  "version" "5.0.0"

"ansi-styles@^3.2.0", "ansi-styles@^3.2.1":
  "version" "3.2.1"
  dependencies:
    "color-convert" "^1.9.0"

"ansi-styles@^4.1.0":
  "version" "4.2.1"
  dependencies:
    "@types/color-name" "^1.1.1"
    "color-convert" "^2.0.1"

"argparse@^1.0.7":
  "version" "1.0.10"
  dependencies:
    "sprintf-js" "~1.0.2"

"astral-regex@^1.0.0":
  "version" "1.0.0"

"axios@^0.21.1":
  "version" "0.21.4"
  dependencies:
    "follow-redirects" "^1.14.0"

"balanced-match@^1.0.0":
  "version" "1.0.0"

"brace-expansion@^1.1.7":
  "version" "1.1.11"
  dependencies:
    "balanced-match" "^1.0.0"
    "concat-map" "0.0.1"

"callsites@^3.0.0":
  "version" "3.1.0"

"chalk@^2.0.0", "chalk@^2.1.0":
  "version" "2.4.2"
  dependencies:
    "ansi-styles" "^3.2.1"
    "escape-string-regexp" "^1.0.5"
    "supports-color" "^5.3.0"

"chalk@^3.0.0":
  "version" "3.0.0"
  dependencies:
    "ansi-styles" "^4.1.0"
    "supports-color" "^7.1.0"

"chardet@^0.7.0":
  "version" "0.7.0"

"charenc@~0.0.1":
  "version" "0.0.2"

"cli-cursor@^3.1.0":
  "version" "3.1.0"
  dependencies:
    "restore-cursor" "^3.1.0"

"cli-width@^2.0.0":
  "version" "2.2.1"

"color-convert@^1.9.0":
  "version" "1.9.3"
  dependencies:
    "color-name" "1.1.3"

"color-convert@^2.0.1":
  "version" "2.0.1"
  dependencies:
    "color-name" "~1.1.4"

"color-name@~1.1.4":
  "version" "1.1.4"

"color-name@1.1.3":
  "version" "1.1.3"

"colorsys@^1.0.22":
  "version" "1.0.22"

"concat-map@0.0.1":
  "version" "0.0.1"

"cross-spawn@^6.0.5":
  "version" "6.0.5"
  dependencies:
    "nice-try" "^1.0.4"
    "path-key" "^2.0.1"
    "semver" "^5.5.0"
    "shebang-command" "^1.2.0"
    "which" "^1.2.9"

"crypt@~0.0.1":
  "version" "0.0.2"

"debug@^4.0.1":
  "version" "4.1.1"
  dependencies:
    "ms" "^2.1.1"

"deep-is@~0.1.3":
  "version" "0.1.3"

"doctrine@^3.0.0":
  "version" "3.0.0"
  dependencies:
    "esutils" "^2.0.2"

"emoji-regex@^7.0.1":
  "version" "7.0.3"

"emoji-regex@^8.0.0":
  "version" "8.0.0"

"escape-string-regexp@^1.0.5":
  "version" "1.0.5"

"eslint-scope@^5.0.0":
  "version" "5.0.0"
  dependencies:
    "esrecurse" "^4.1.0"
    "estraverse" "^4.1.1"

"eslint-utils@^1.4.3":
  "version" "1.4.3"
  dependencies:
    "eslint-visitor-keys" "^1.1.0"

"eslint-visitor-keys@^1.1.0":
  "version" "1.1.0"

"eslint@^6.8.0":
  "version" "6.8.0"
  dependencies:
    "@babel/code-frame" "^7.0.0"
    "ajv" "^6.10.0"
    "chalk" "^2.1.0"
    "cross-spawn" "^6.0.5"
    "debug" "^4.0.1"
    "doctrine" "^3.0.0"
    "eslint-scope" "^5.0.0"
    "eslint-utils" "^1.4.3"
    "eslint-visitor-keys" "^1.1.0"
    "espree" "^6.1.2"
    "esquery" "^1.0.1"
    "esutils" "^2.0.2"
    "file-entry-cache" "^5.0.1"
    "functional-red-black-tree" "^1.0.1"
    "glob-parent" "^5.0.0"
    "globals" "^12.1.0"
    "ignore" "^4.0.6"
    "import-fresh" "^3.0.0"
    "imurmurhash" "^0.1.4"
    "inquirer" "^7.0.0"
    "is-glob" "^4.0.0"
    "js-yaml" "^3.13.1"
    "json-stable-stringify-without-jsonify" "^1.0.1"
    "levn" "^0.3.0"
    "lodash" "^4.17.14"
    "minimatch" "^3.0.4"
    "mkdirp" "^0.5.1"
    "natural-compare" "^1.4.0"
    "optionator" "^0.8.3"
    "progress" "^2.0.0"
    "regexpp" "^2.0.1"
    "semver" "^6.1.2"
    "strip-ansi" "^5.2.0"
    "strip-json-comments" "^3.0.1"
    "table" "^5.2.3"
    "text-table" "^0.2.0"
    "v8-compile-cache" "^2.0.3"

"espree@^6.1.2":
  "version" "6.2.1"
  dependencies:
    "acorn" "^7.1.1"
    "acorn-jsx" "^5.2.0"
    "eslint-visitor-keys" "^1.1.0"

"esprima@^4.0.0":
  "version" "4.0.1"

"esquery@^1.0.1":
  "version" "1.3.1"
  dependencies:
    "estraverse" "^5.1.0"

"esrecurse@^4.1.0":
  "version" "4.2.1"
  dependencies:
    "estraverse" "^4.1.0"

"estraverse@^4.1.0", "estraverse@^4.1.1":
  "version" "4.3.0"

"estraverse@^5.1.0":
  "version" "5.1.0"

"esutils@^2.0.2":
  "version" "2.0.3"

"external-editor@^3.0.3":
  "version" "3.1.0"
  dependencies:
    "chardet" "^0.7.0"
    "iconv-lite" "^0.4.24"
    "tmp" "^0.0.33"

"fast-deep-equal@^3.1.1":
  "version" "3.1.1"

"fast-json-stable-stringify@^2.0.0":
  "version" "2.1.0"

"fast-levenshtein@~2.0.6":
  "version" "2.0.6"

"figures@^3.0.0":
  "version" "3.2.0"
  dependencies:
    "escape-string-regexp" "^1.0.5"

"file-entry-cache@^5.0.1":
  "version" "5.0.1"
  dependencies:
    "flat-cache" "^2.0.1"

"flat-cache@^2.0.1":
  "version" "2.0.1"
  dependencies:
    "flatted" "^2.0.0"
    "rimraf" "2.6.3"
    "write" "1.0.3"

"flatted@^2.0.0":
  "version" "2.0.2"

"follow-redirects@^1.14.0":
  "version" "1.15.0"

"fs.realpath@^1.0.0":
  "version" "1.0.0"

"functional-red-black-tree@^1.0.1":
  "version" "1.0.1"

"glob-parent@^5.0.0":
  "version" "5.1.1"
  dependencies:
    "is-glob" "^4.0.1"

"glob@^7.1.3":
  "version" "7.1.6"
  dependencies:
    "fs.realpath" "^1.0.0"
    "inflight" "^1.0.4"
    "inherits" "2"
    "minimatch" "^3.0.4"
    "once" "^1.3.0"
    "path-is-absolute" "^1.0.0"

"globals@^12.1.0":
  "version" "12.4.0"
  dependencies:
    "type-fest" "^0.8.1"

"has-flag@^3.0.0":
  "version" "3.0.0"

"has-flag@^4.0.0":
  "version" "4.0.0"

"iconv-lite@^0.4.24":
  "version" "0.4.24"
  dependencies:
    "safer-buffer" ">= 2.1.2 < 3"

"ignore@^4.0.6":
  "version" "4.0.6"

"import-fresh@^3.0.0":
  "version" "3.2.1"
  dependencies:
    "parent-module" "^1.0.0"
    "resolve-from" "^4.0.0"

"imurmurhash@^0.1.4":
  "version" "0.1.4"

"inflight@^1.0.4":
  "version" "1.0.6"
  dependencies:
    "once" "^1.3.0"
    "wrappy" "1"

"inherits@2":
  "version" "2.0.4"

"inquirer@^7.0.0":
  "version" "7.1.0"
  dependencies:
    "ansi-escapes" "^4.2.1"
    "chalk" "^3.0.0"
    "cli-cursor" "^3.1.0"
    "cli-width" "^2.0.0"
    "external-editor" "^3.0.3"
    "figures" "^3.0.0"
    "lodash" "^4.17.15"
    "mute-stream" "0.0.8"
    "run-async" "^2.4.0"
    "rxjs" "^6.5.3"
    "string-width" "^4.1.0"
    "strip-ansi" "^6.0.0"
    "through" "^2.3.6"

"is-buffer@~1.1.1":
  "version" "1.1.6"

"is-extglob@^2.1.1":
  "version" "2.1.1"

"is-fullwidth-code-point@^2.0.0":
  "version" "2.0.0"

"is-fullwidth-code-point@^3.0.0":
  "version" "3.0.0"

"is-glob@^4.0.0", "is-glob@^4.0.1":
  "version" "4.0.1"
  dependencies:
    "is-extglob" "^2.1.1"

"is-promise@^2.1.0":
  "version" "2.2.2"

"isexe@^2.0.0":
  "version" "2.0.0"

"js-tokens@^4.0.0":
  "version" "4.0.0"

"js-yaml@^3.13.1":
  "version" "3.13.1"
  dependencies:
    "argparse" "^1.0.7"
    "esprima" "^4.0.0"

"json-schema-traverse@^0.4.1":
  "version" "0.4.1"

"json-stable-stringify-without-jsonify@^1.0.1":
  "version" "1.0.1"

"levn@^0.3.0", "levn@~0.3.0":
  "version" "0.3.0"
  dependencies:
    "prelude-ls" "~1.1.2"
    "type-check" "~0.3.2"

"lodash@^4.17.14", "lodash@^4.17.15":
  "version" "4.17.21"

"md5@^2.2.1":
  "version" "2.2.1"
  dependencies:
    "charenc" "~0.0.1"
    "crypt" "~0.0.1"
    "is-buffer" "~1.1.1"

"mimic-fn@^2.1.0":
  "version" "2.1.0"

"minimatch@^3.0.4":
  "version" "3.0.4"
  dependencies:
    "brace-expansion" "^1.1.7"

"minimist@^1.2.5":
  "version" "1.2.5"

"mkdirp@^0.5.1":
  "version" "0.5.5"
  dependencies:
    "minimist" "^1.2.5"

"ms@^2.1.1":
  "version" "2.1.2"

"mute-stream@0.0.8":
  "version" "0.0.8"

"natural-compare@^1.4.0":
  "version" "1.4.0"

"nice-try@^1.0.4":
  "version" "1.0.5"

"once@^1.3.0":
  "version" "1.4.0"
  dependencies:
    "wrappy" "1"

"onetime@^5.1.0":
  "version" "5.1.0"
  dependencies:
    "mimic-fn" "^2.1.0"

"optionator@^0.8.3":
  "version" "0.8.3"
  dependencies:
    "deep-is" "~0.1.3"
    "fast-levenshtein" "~2.0.6"
    "levn" "~0.3.0"
    "prelude-ls" "~1.1.2"
    "type-check" "~0.3.2"
    "word-wrap" "~1.2.3"

"os-tmpdir@~1.0.2":
  "version" "1.0.2"

"parent-module@^1.0.0":
  "version" "1.0.1"
  dependencies:
    "callsites" "^3.0.0"

"path-is-absolute@^1.0.0":
  "version" "1.0.1"

"path-key@^2.0.1":
  "version" "2.0.1"

"prelude-ls@~1.1.2":
  "version" "1.1.2"

"progress@^2.0.0":
  "version" "2.0.3"

"punycode@^2.1.0":
  "version" "2.1.1"

"regexpp@^2.0.1":
  "version" "2.0.1"

"resolve-from@^4.0.0":
  "version" "4.0.0"

"restore-cursor@^3.1.0":
  "version" "3.1.0"
  dependencies:
    "onetime" "^5.1.0"
    "signal-exit" "^3.0.2"

"rimraf@2.6.3":
  "version" "2.6.3"
  dependencies:
    "glob" "^7.1.3"

"run-async@^2.4.0":
  "version" "2.4.0"
  dependencies:
    "is-promise" "^2.1.0"

"rxjs@^6.5.3":
  "version" "6.5.5"
  dependencies:
    "tslib" "^1.9.0"

"safer-buffer@>= 2.1.2 < 3":
  "version" "2.1.2"

"semver@^5.5.0":
  "version" "5.7.1"

"semver@^6.1.2":
  "version" "6.3.0"

"shebang-command@^1.2.0":
  "version" "1.2.0"
  dependencies:
    "shebang-regex" "^1.0.0"

"shebang-regex@^1.0.0":
  "version" "1.0.0"

"signal-exit@^3.0.2":
  "version" "3.0.3"

"slice-ansi@^2.1.0":
  "version" "2.1.0"
  dependencies:
    "ansi-styles" "^3.2.0"
    "astral-regex" "^1.0.0"
    "is-fullwidth-code-point" "^2.0.0"

"sprintf-js@~1.0.2":
  "version" "1.0.3"

"string-width@^3.0.0":
  "version" "3.1.0"
  dependencies:
    "emoji-regex" "^7.0.1"
    "is-fullwidth-code-point" "^2.0.0"
    "strip-ansi" "^5.1.0"

"string-width@^4.1.0":
  "version" "4.2.0"
  dependencies:
    "emoji-regex" "^8.0.0"
    "is-fullwidth-code-point" "^3.0.0"
    "strip-ansi" "^6.0.0"

"strip-ansi@^5.1.0", "strip-ansi@^5.2.0":
  "version" "5.2.0"
  dependencies:
    "ansi-regex" "^4.1.0"

"strip-ansi@^6.0.0":
  "version" "6.0.0"
  dependencies:
    "ansi-regex" "^5.0.0"

"strip-json-comments@^3.0.1":
  "version" "3.1.0"

"supports-color@^5.3.0":
  "version" "5.5.0"
  dependencies:
    "has-flag" "^3.0.0"

"supports-color@^7.1.0":
  "version" "7.1.0"
  dependencies:
    "has-flag" "^4.0.0"

"table@^5.2.3":
  "version" "5.4.6"
  dependencies:
    "ajv" "^6.10.2"
    "lodash" "^4.17.14"
    "slice-ansi" "^2.1.0"
    "string-width" "^3.0.0"

"text-table@^0.2.0":
  "version" "0.2.0"

"through@^2.3.6":
  "version" "2.3.8"

"tmp@^0.0.33":
  "version" "0.0.33"
  dependencies:
    "os-tmpdir" "~1.0.2"

"tslib@^1.9.0":
  "version" "1.11.1"

"type-check@~0.3.2":
  "version" "0.3.2"
  dependencies:
    "prelude-ls" "~1.1.2"

"type-fest@^0.11.0":
  "version" "0.11.0"

"type-fest@^0.8.1":
  "version" "0.8.1"

"uri-js@^4.2.2":
  "version" "4.2.2"
  dependencies:
    "punycode" "^2.1.0"

"v8-compile-cache@^2.0.3":
  "version" "2.1.0"

"which@^1.2.9":
  "version" "1.3.1"
  dependencies:
    "isexe" "^2.0.0"

"word-wrap@~1.2.3":
  "version" "1.2.3"

"wrappy@1":
  "version" "1.0.2"

"write@1.0.3":
  "version" "1.0.3"
  dependencies:
    "mkdirp" "^0.5.1"
